
Microsoft Visual Studio Solution File, Format Version 12.00
# Visual Studio Version 17
VisualStudioVersion = 17.7.34221.43
MinimumVisualStudioVersion = 10.0.40219.1
Project("{FAE04EC0-301F-11D3-BF4B-00C04F79EFBC}") = "Poroject", "Poroject\Poroject.csproj", "{4ED1150D-983A-4085-B27C-1DA8D1642E79}"
EndProject
Global
	GlobalSection(SolutionConfigurationPlatforms) = preSolution
		Debug|Any CPU = Debug|Any CPU
		Release|Any CPU = Release|Any CPU
	EndGlobalSection
	GlobalSection(ProjectConfigurationPlatforms) = postSolution
		{4ED1150D-983A-4085-B27C-1DA8D1642E79}.Debug|Any CPU.ActiveCfg = Debug|Any CPU
		{4ED1150D-983A-4085-B27C-1DA8D1642E79}.Debug|Any CPU.Build.0 = Debug|Any CPU
		{4ED1150D-983A-4085-B27C-1DA8D1642E79}.Release|Any CPU.ActiveCfg = Release|Any CPU
		{4ED1150D-983A-4085-B27C-1DA8D1642E79}.Release|Any CPU.Build.0 = Release|Any CPU
	EndGlobalSection
	GlobalSection(SolutionProperties) = preSolution
		HideSolutionNode = FALSE
	EndGlobalSection
	GlobalSection(ExtensibilityGlobals) = postSolution
		SolutionGuid = {F0CCB3C1-8D42-43A3-819D-BEE1296E1C60}
	EndGlobalSection
EndGlobal
